
Microsoft Visual Studio Solution File, Format Version 12.00
# Visual Studio Version 17
VisualStudioVersion = 17.4.33103.184
MinimumVisualStudioVersion = 10.0.40219.1
Project("{FAE04EC0-301F-11D3-BF4B-00C04F79EFBC}") = "QUESTAO 02", "QUESTAO 2\QUESTAO 02.csproj", "{01919CFE-BBA2-4994-BD49-687744081CEC}"
EndProject
Project("{FAE04EC0-301F-11D3-BF4B-00C04F79EFBC}") = "QUESTAO 03", "QUESTAO 03\QUESTAO 03.csproj", "{FAF53DC9-BFD3-49D3-976D-FD4A895A19D0}"
EndProject
Project("{FAE04EC0-301F-11D3-BF4B-00C04F79EFBC}") = "QUESTAO 04", "QUESTAO 04\QUESTAO 04.csproj", "{2F600DA7-D982-478A-9B03-AA5B92C4C269}"
EndProject
Project("{FAE04EC0-301F-11D3-BF4B-00C04F79EFBC}") = "QUESTAO 05", "QUESTAO 05\QUESTAO 05.csproj", "{F3290A2D-FCBD-4278-A117-8AC7DE4E0434}"
EndProject
Project("{FAE04EC0-301F-11D3-BF4B-00C04F79EFBC}") = "QUESTAO 06", "QUESTAO 06\QUESTAO 06.csproj", "{628FD77C-21F6-40D2-BC82-E4B9EDFA2EFE}"
EndProject
Project("{FAE04EC0-301F-11D3-BF4B-00C04F79EFBC}") = "QUESTAO 07", "QUESTAO 07\QUESTAO 07.csproj", "{38710A54-C08F-47A3-8398-D508C3A4F5FD}"
EndProject
Project("{FAE04EC0-301F-11D3-BF4B-00C04F79EFBC}") = "QUESTAO 08", "QUESTAO 08\QUESTAO 08.csproj", "{54663059-4116-41CE-AA16-BBFC5F3EBA20}"
EndProject
Project("{FAE04EC0-301F-11D3-BF4B-00C04F79EFBC}") = "QUESTAO 09", "QUESTAO 09\QUESTAO 09.csproj", "{997D4C98-798F-4C48-A587-DDAD40A21AB7}"
EndProject
Project("{FAE04EC0-301F-11D3-BF4B-00C04F79EFBC}") = "QUESTAO 10", "QUESTAO 10\QUESTAO 10.csproj", "{8CA331C6-A724-4C2A-820B-F098B9F2415D}"
EndProject
Project("{FAE04EC0-301F-11D3-BF4B-00C04F79EFBC}") = "QUESTAO 11", "QUESTAO 11\QUESTAO 11.csproj", "{D7CC8904-329E-42B9-ABE6-7F812C94EAD8}"
EndProject
Project("{FAE04EC0-301F-11D3-BF4B-00C04F79EFBC}") = "QUESTAO 12", "QUESTAO 12\QUESTAO 12.csproj", "{9D342245-690D-4800-A016-E679F2618D3D}"
EndProject
Project("{FAE04EC0-301F-11D3-BF4B-00C04F79EFBC}") = "QUESTAO 13", "QUESTAO 13\QUESTAO 13.csproj", "{2353B4A5-DD60-4A87-9B56-B5A8C3C38973}"
EndProject
Project("{FAE04EC0-301F-11D3-BF4B-00C04F79EFBC}") = "QUESTAO 14", "QUESTAO 14\QUESTAO 14.csproj", "{9ACF29D8-8225-448A-8D1C-E234F93B87A6}"
EndProject
Project("{FAE04EC0-301F-11D3-BF4B-00C04F79EFBC}") = "QUESTAO 15", "QUESTAO 15\QUESTAO 15.csproj", "{6B065903-BD0B-4033-9D9A-784285CE3675}"
EndProject
Project("{FAE04EC0-301F-11D3-BF4B-00C04F79EFBC}") = "QUESTAO 16", "QUESTAO 16\QUESTAO 16.csproj", "{B56873AD-6662-42BD-AAFA-D06091244C86}"
EndProject
Project("{FAE04EC0-301F-11D3-BF4B-00C04F79EFBC}") = "QUESTAO 61", "QUESTAO 61\QUESTAO 61.csproj", "{F0E13B01-FB51-4482-A05C-6DD834F75F68}"
EndProject
Project("{FAE04EC0-301F-11D3-BF4B-00C04F79EFBC}") = "QUESTAO 17", "QUESTAO 17\QUESTAO 17.csproj", "{13E8F2D7-9B64-40A3-A9B0-5631B50FE260}"
EndProject
Project("{FAE04EC0-301F-11D3-BF4B-00C04F79EFBC}") = "QUESTAO 18", "QUESTAO 18\QUESTAO 18.csproj", "{84E6F881-1639-4337-9939-D298F5AA6A99}"
EndProject
Project("{FAE04EC0-301F-11D3-BF4B-00C04F79EFBC}") = "QUESTAO 19", "QUESTAO 19\QUESTAO 19.csproj", "{B1F0E51D-5764-4F0B-93BC-789376827E06}"
EndProject
Project("{FAE04EC0-301F-11D3-BF4B-00C04F79EFBC}") = "QUESTAO 20", "QUESTAO 20\QUESTAO 20.csproj", "{E7DB792B-C121-4626-B1CE-94AB643F5F29}"
EndProject
Project("{FAE04EC0-301F-11D3-BF4B-00C04F79EFBC}") = "QUESTAO 21", "QUESTAO 21\QUESTAO 21.csproj", "{B10CD0E8-1ADD-4B1B-9CFD-A57ED30EE619}"
EndProject
Project("{FAE04EC0-301F-11D3-BF4B-00C04F79EFBC}") = "QUESTAO 22", "QUESTAO 22\QUESTAO 22.csproj", "{85238F0F-5BB2-4434-B91A-18BE9ED7A28B}"
EndProject
Project("{FAE04EC0-301F-11D3-BF4B-00C04F79EFBC}") = "QUESTAO 23", "QUESTAO 23\QUESTAO 23.csproj", "{74914F5B-0595-4E05-8587-BD5EBDCF6F14}"
EndProject
Project("{FAE04EC0-301F-11D3-BF4B-00C04F79EFBC}") = "QUESTAO 24", "QUESTAO 24\QUESTAO 24.csproj", "{DD71127A-5624-4963-BE1E-EF88F37F625C}"
EndProject
Project("{FAE04EC0-301F-11D3-BF4B-00C04F79EFBC}") = "QUESTAO 25", "QUESTAO 25\QUESTAO 25.csproj", "{A6BC4C96-0B69-421E-A4E4-31A745541CCF}"
EndProject
Project("{FAE04EC0-301F-11D3-BF4B-00C04F79EFBC}") = "QUESTAO 26", "QUESTAO 26\QUESTAO 26.csproj", "{4E4001D4-9EDA-42EB-9B4B-62CB51E64C43}"
EndProject
Project("{FAE04EC0-301F-11D3-BF4B-00C04F79EFBC}") = "QUESTAO 27", "QUESTAO 27\QUESTAO 27.csproj", "{6DCCA978-13E0-4A2E-882D-EA1B11A84786}"
EndProject
Project("{FAE04EC0-301F-11D3-BF4B-00C04F79EFBC}") = "QUESTAO 28", "QUESTAO 28\QUESTAO 28.csproj", "{E0D156A9-001F-4D15-9D76-EF46530C74FC}"
EndProject
Project("{FAE04EC0-301F-11D3-BF4B-00C04F79EFBC}") = "QUESTAO 29", "QUESTAO 29\QUESTAO 29.csproj", "{AB280D4F-1FD1-4D20-9EC8-DC074F485011}"
EndProject
Project("{FAE04EC0-301F-11D3-BF4B-00C04F79EFBC}") = "QUESTAO 30", "QUESTAO 30\QUESTAO 30.csproj", "{E2904062-E3D9-44AB-A7B8-4BE5ECF6E99F}"
EndProject
Project("{FAE04EC0-301F-11D3-BF4B-00C04F79EFBC}") = "QUESTAO 31", "QUESTAO 31\QUESTAO 31.csproj", "{21E17504-A60B-43CF-9DB4-320F69C4DC83}"
EndProject
Project("{FAE04EC0-301F-11D3-BF4B-00C04F79EFBC}") = "QUESTAO 32", "QUESTAO 32\QUESTAO 32.csproj", "{59CEB481-FDCE-4A20-95E8-DF0611D5F946}"
EndProject
Project("{FAE04EC0-301F-11D3-BF4B-00C04F79EFBC}") = "QUESTAO 33", "QUESTAO 33\QUESTAO 33.csproj", "{96843CE8-7AB6-4BB2-B191-28AF40A5F396}"
EndProject
Project("{FAE04EC0-301F-11D3-BF4B-00C04F79EFBC}") = "QUESTAO 34", "QUESTAO 34\QUESTAO 34.csproj", "{4EA87440-7F34-403B-8C84-2AE3C784EC64}"
EndProject
Project("{FAE04EC0-301F-11D3-BF4B-00C04F79EFBC}") = "QUESTAO 35", "QUESTAO 35\QUESTAO 35.csproj", "{7A650E43-7C6F-47E6-B177-36B2E52EBB22}"
EndProject
Project("{FAE04EC0-301F-11D3-BF4B-00C04F79EFBC}") = "QUESTAO 36", "QUESTAO 36\QUESTAO 36.csproj", "{D76A9421-36BA-4F4E-A2CF-0E67B561D26A}"
EndProject
Project("{FAE04EC0-301F-11D3-BF4B-00C04F79EFBC}") = "QUESTAO 37", "QUESTAO 37\QUESTAO 37.csproj", "{0A153FE0-7282-46E9-87C6-045A0600D760}"
EndProject
Project("{FAE04EC0-301F-11D3-BF4B-00C04F79EFBC}") = "QUESTAO 38", "QUESTAO 38\QUESTAO 38.csproj", "{95E94F06-41C8-476E-8494-6D4E630619D9}"
EndProject
Project("{FAE04EC0-301F-11D3-BF4B-00C04F79EFBC}") = "QUESTAO 39", "QUESTAO 39\QUESTAO 39.csproj", "{27248367-6B0D-49F7-9E6A-DEBF172561C1}"
EndProject
Project("{FAE04EC0-301F-11D3-BF4B-00C04F79EFBC}") = "QUESTAO 40", "QUESTAO 40\QUESTAO 40.csproj", "{B90D3AA8-171D-445E-B24F-090D53A1C22A}"
EndProject
Project("{FAE04EC0-301F-11D3-BF4B-00C04F79EFBC}") = "QUESTAO 41", "QUESTAO 41\QUESTAO 41.csproj", "{F09762C0-87F0-4FB2-9745-325B00A92214}"
EndProject
Project("{FAE04EC0-301F-11D3-BF4B-00C04F79EFBC}") = "QUESTAO 42", "QUESTAO 42\QUESTAO 42.csproj", "{A724B838-56E6-47B1-BF7F-B029CE46C61D}"
EndProject
Project("{FAE04EC0-301F-11D3-BF4B-00C04F79EFBC}") = "QUESTAO 43", "QUESTAO 43\QUESTAO 43.csproj", "{925E1550-C031-411C-B2AB-46FA2FE0AACF}"
EndProject
Project("{FAE04EC0-301F-11D3-BF4B-00C04F79EFBC}") = "QUESTAO 44", "QUESTAO 44\QUESTAO 44.csproj", "{C39388BD-33FA-41B8-834E-5531156C2225}"
EndProject
Project("{FAE04EC0-301F-11D3-BF4B-00C04F79EFBC}") = "QUESTAO 45", "QUESTAO 45\QUESTAO 45.csproj", "{CD47BF37-88B9-4792-AEC5-DB48FA471E7F}"
EndProject
Project("{FAE04EC0-301F-11D3-BF4B-00C04F79EFBC}") = "QUESTAO 46", "QUESTAO 46\QUESTAO 46.csproj", "{3CA41B5A-FC31-41EC-BA18-CE077F564827}"
EndProject
Project("{FAE04EC0-301F-11D3-BF4B-00C04F79EFBC}") = "QUESTAO 47", "QUESTAO 47\QUESTAO 47.csproj", "{774CBC94-939B-4174-9786-46403F2C62F7}"
EndProject
Project("{FAE04EC0-301F-11D3-BF4B-00C04F79EFBC}") = "QUESTAO 48", "QUESTAO 48\QUESTAO 48.csproj", "{C3E43CFF-A0AE-45EC-A184-EC1A009B4AD9}"
EndProject
Project("{FAE04EC0-301F-11D3-BF4B-00C04F79EFBC}") = "QUESTAO 49", "QUESTAO 49\QUESTAO 49.csproj", "{48765B4C-5B82-409F-8A90-D22E31D0F2E0}"
EndProject
Project("{FAE04EC0-301F-11D3-BF4B-00C04F79EFBC}") = "QUESTAO 50", "QUESTAO 50\QUESTAO 50.csproj", "{E3BC0FA1-3523-40A4-AE1D-F282F20F34B5}"
EndProject
Project("{FAE04EC0-301F-11D3-BF4B-00C04F79EFBC}") = "QUESTAO 51", "QUESTAO 51\QUESTAO 51.csproj", "{BAE46C85-C3F0-4E1A-9503-F7CD95D93FC8}"
EndProject
Project("{FAE04EC0-301F-11D3-BF4B-00C04F79EFBC}") = "QUESTAO 52", "QUESTAO 52\QUESTAO 52.csproj", "{94E0DAD8-1BA6-4EC5-B325-DE967AAEE3F4}"
EndProject
Project("{FAE04EC0-301F-11D3-BF4B-00C04F79EFBC}") = "QUESTAO 53", "QUESTAO 53\QUESTAO 53.csproj", "{3A209858-C5DE-4EB6-A32B-6A0645192EEE}"
EndProject
Project("{FAE04EC0-301F-11D3-BF4B-00C04F79EFBC}") = "QUESTAO 54", "QUESTAO 54\QUESTAO 54.csproj", "{B880DFE8-C01F-43BA-9F11-636AA1A723F2}"
EndProject
Project("{FAE04EC0-301F-11D3-BF4B-00C04F79EFBC}") = "QUESTAO 55", "QUESTAO 55\QUESTAO 55.csproj", "{1712DA32-9213-4459-B0DB-3C17C8A980E6}"
EndProject
Project("{FAE04EC0-301F-11D3-BF4B-00C04F79EFBC}") = "QUESTAO 56", "QUESTAO 56\QUESTAO 56.csproj", "{75430B6E-A7D4-4049-A125-387DBBA10CFD}"
EndProject
Project("{FAE04EC0-301F-11D3-BF4B-00C04F79EFBC}") = "QUESTAO 57", "QUESTAO 57\QUESTAO 57.csproj", "{B210DFF0-04AE-4EFE-9375-F33C6D56366D}"
EndProject
Project("{FAE04EC0-301F-11D3-BF4B-00C04F79EFBC}") = "QUESTAO 58", "QUESTAO 58\QUESTAO 58.csproj", "{7A1E60EC-0E43-422B-B85F-3F135C6E1AE2}"
EndProject
Project("{FAE04EC0-301F-11D3-BF4B-00C04F79EFBC}") = "QUESTAO 59", "QUESTAO 59\QUESTAO 59.csproj", "{D2D88A1D-247F-4A6C-A060-E11AD7F75085}"
EndProject
Project("{FAE04EC0-301F-11D3-BF4B-00C04F79EFBC}") = "QUESTAO 60", "QUESTAO 60\QUESTAO 60.csproj", "{F4C45F05-5AEC-4193-B55A-AD4DCC690CE7}"
EndProject
Project("{FAE04EC0-301F-11D3-BF4B-00C04F79EFBC}") = "QUESTAO 63", "QUESTAO 63\QUESTAO 63.csproj", "{50090D60-8733-4C1F-BD87-30B95B4C8E23}"
EndProject
Project("{FAE04EC0-301F-11D3-BF4B-00C04F79EFBC}") = "QUESTAO 62", "QUESTAO 62\QUESTAO 62.csproj", "{7E0B23D5-9237-498A-BC4E-A3FE344D63CC}"
EndProject
Project("{FAE04EC0-301F-11D3-BF4B-00C04F79EFBC}") = "QUESTAO 01", "QUESTAO 01\QUESTAO 01.csproj", "{8F4B597F-F6D1-449E-AD60-73BAF8A2A141}"
EndProject
Global
	GlobalSection(SolutionConfigurationPlatforms) = preSolution
		Debug|Any CPU = Debug|Any CPU
		Release|Any CPU = Release|Any CPU
	EndGlobalSection
	GlobalSection(ProjectConfigurationPlatforms) = postSolution
		{01919CFE-BBA2-4994-BD49-687744081CEC}.Debug|Any CPU.ActiveCfg = Debug|Any CPU
		{01919CFE-BBA2-4994-BD49-687744081CEC}.Debug|Any CPU.Build.0 = Debug|Any CPU
		{01919CFE-BBA2-4994-BD49-687744081CEC}.Release|Any CPU.ActiveCfg = Release|Any CPU
		{01919CFE-BBA2-4994-BD49-687744081CEC}.Release|Any CPU.Build.0 = Release|Any CPU
		{FAF53DC9-BFD3-49D3-976D-FD4A895A19D0}.Debug|Any CPU.ActiveCfg = Debug|Any CPU
		{FAF53DC9-BFD3-49D3-976D-FD4A895A19D0}.Debug|Any CPU.Build.0 = Debug|Any CPU
		{FAF53DC9-BFD3-49D3-976D-FD4A895A19D0}.Release|Any CPU.ActiveCfg = Release|Any CPU
		{FAF53DC9-BFD3-49D3-976D-FD4A895A19D0}.Release|Any CPU.Build.0 = Release|Any CPU
		{2F600DA7-D982-478A-9B03-AA5B92C4C269}.Debug|Any CPU.ActiveCfg = Debug|Any CPU
		{2F600DA7-D982-478A-9B03-AA5B92C4C269}.Debug|Any CPU.Build.0 = Debug|Any CPU
		{2F600DA7-D982-478A-9B03-AA5B92C4C269}.Release|Any CPU.ActiveCfg = Release|Any CPU
		{2F600DA7-D982-478A-9B03-AA5B92C4C269}.Release|Any CPU.Build.0 = Release|Any CPU
		{F3290A2D-FCBD-4278-A117-8AC7DE4E0434}.Debug|Any CPU.ActiveCfg = Debug|Any CPU
		{F3290A2D-FCBD-4278-A117-8AC7DE4E0434}.Debug|Any CPU.Build.0 = Debug|Any CPU
		{F3290A2D-FCBD-4278-A117-8AC7DE4E0434}.Release|Any CPU.ActiveCfg = Release|Any CPU
		{F3290A2D-FCBD-4278-A117-8AC7DE4E0434}.Release|Any CPU.Build.0 = Release|Any CPU
		{628FD77C-21F6-40D2-BC82-E4B9EDFA2EFE}.Debug|Any CPU.ActiveCfg = Debug|Any CPU
		{628FD77C-21F6-40D2-BC82-E4B9EDFA2EFE}.Debug|Any CPU.Build.0 = Debug|Any CPU
		{628FD77C-21F6-40D2-BC82-E4B9EDFA2EFE}.Release|Any CPU.ActiveCfg = Release|Any CPU
		{628FD77C-21F6-40D2-BC82-E4B9EDFA2EFE}.Release|Any CPU.Build.0 = Release|Any CPU
		{38710A54-C08F-47A3-8398-D508C3A4F5FD}.Debug|Any CPU.ActiveCfg = Debug|Any CPU
		{38710A54-C08F-47A3-8398-D508C3A4F5FD}.Debug|Any CPU.Build.0 = Debug|Any CPU
		{38710A54-C08F-47A3-8398-D508C3A4F5FD}.Release|Any CPU.ActiveCfg = Release|Any CPU
		{38710A54-C08F-47A3-8398-D508C3A4F5FD}.Release|Any CPU.Build.0 = Release|Any CPU
		{54663059-4116-41CE-AA16-BBFC5F3EBA20}.Debug|Any CPU.ActiveCfg = Debug|Any CPU
		{54663059-4116-41CE-AA16-BBFC5F3EBA20}.Debug|Any CPU.Build.0 = Debug|Any CPU
		{54663059-4116-41CE-AA16-BBFC5F3EBA20}.Release|Any CPU.ActiveCfg = Release|Any CPU
		{54663059-4116-41CE-AA16-BBFC5F3EBA20}.Release|Any CPU.Build.0 = Release|Any CPU
		{997D4C98-798F-4C48-A587-DDAD40A21AB7}.Debug|Any CPU.ActiveCfg = Debug|Any CPU
		{997D4C98-798F-4C48-A587-DDAD40A21AB7}.Debug|Any CPU.Build.0 = Debug|Any CPU
		{997D4C98-798F-4C48-A587-DDAD40A21AB7}.Release|Any CPU.ActiveCfg = Release|Any CPU
		{997D4C98-798F-4C48-A587-DDAD40A21AB7}.Release|Any CPU.Build.0 = Release|Any CPU
		{8CA331C6-A724-4C2A-820B-F098B9F2415D}.Debug|Any CPU.ActiveCfg = Debug|Any CPU
		{8CA331C6-A724-4C2A-820B-F098B9F2415D}.Debug|Any CPU.Build.0 = Debug|Any CPU
		{8CA331C6-A724-4C2A-820B-F098B9F2415D}.Release|Any CPU.ActiveCfg = Release|Any CPU
		{8CA331C6-A724-4C2A-820B-F098B9F2415D}.Release|Any CPU.Build.0 = Release|Any CPU
		{D7CC8904-329E-42B9-ABE6-7F812C94EAD8}.Debug|Any CPU.ActiveCfg = Debug|Any CPU
		{D7CC8904-329E-42B9-ABE6-7F812C94EAD8}.Debug|Any CPU.Build.0 = Debug|Any CPU
		{D7CC8904-329E-42B9-ABE6-7F812C94EAD8}.Release|Any CPU.ActiveCfg = Release|Any CPU
		{D7CC8904-329E-42B9-ABE6-7F812C94EAD8}.Release|Any CPU.Build.0 = Release|Any CPU
		{9D342245-690D-4800-A016-E679F2618D3D}.Debug|Any CPU.ActiveCfg = Debug|Any CPU
		{9D342245-690D-4800-A016-E679F2618D3D}.Debug|Any CPU.Build.0 = Debug|Any CPU
		{9D342245-690D-4800-A016-E679F2618D3D}.Release|Any CPU.ActiveCfg = Release|Any CPU
		{9D342245-690D-4800-A016-E679F2618D3D}.Release|Any CPU.Build.0 = Release|Any CPU
		{2353B4A5-DD60-4A87-9B56-B5A8C3C38973}.Debug|Any CPU.ActiveCfg = Debug|Any CPU
		{2353B4A5-DD60-4A87-9B56-B5A8C3C38973}.Debug|Any CPU.Build.0 = Debug|Any CPU
		{2353B4A5-DD60-4A87-9B56-B5A8C3C38973}.Release|Any CPU.ActiveCfg = Release|Any CPU
		{2353B4A5-DD60-4A87-9B56-B5A8C3C38973}.Release|Any CPU.Build.0 = Release|Any CPU
		{9ACF29D8-8225-448A-8D1C-E234F93B87A6}.Debug|Any CPU.ActiveCfg = Debug|Any CPU
		{9ACF29D8-8225-448A-8D1C-E234F93B87A6}.Debug|Any CPU.Build.0 = Debug|Any CPU
		{9ACF29D8-8225-448A-8D1C-E234F93B87A6}.Release|Any CPU.ActiveCfg = Release|Any CPU
		{9ACF29D8-8225-448A-8D1C-E234F93B87A6}.Release|Any CPU.Build.0 = Release|Any CPU
		{6B065903-BD0B-4033-9D9A-784285CE3675}.Debug|Any CPU.ActiveCfg = Debug|Any CPU
		{6B065903-BD0B-4033-9D9A-784285CE3675}.Debug|Any CPU.Build.0 = Debug|Any CPU
		{6B065903-BD0B-4033-9D9A-784285CE3675}.Release|Any CPU.ActiveCfg = Release|Any CPU
		{6B065903-BD0B-4033-9D9A-784285CE3675}.Release|Any CPU.Build.0 = Release|Any CPU
		{B56873AD-6662-42BD-AAFA-D06091244C86}.Debug|Any CPU.ActiveCfg = Debug|Any CPU
		{B56873AD-6662-42BD-AAFA-D06091244C86}.Debug|Any CPU.Build.0 = Debug|Any CPU
		{B56873AD-6662-42BD-AAFA-D06091244C86}.Release|Any CPU.ActiveCfg = Release|Any CPU
		{B56873AD-6662-42BD-AAFA-D06091244C86}.Release|Any CPU.Build.0 = Release|Any CPU
		{F0E13B01-FB51-4482-A05C-6DD834F75F68}.Debug|Any CPU.ActiveCfg = Debug|Any CPU
		{F0E13B01-FB51-4482-A05C-6DD834F75F68}.Debug|Any CPU.Build.0 = Debug|Any CPU
		{F0E13B01-FB51-4482-A05C-6DD834F75F68}.Release|Any CPU.ActiveCfg = Release|Any CPU
		{F0E13B01-FB51-4482-A05C-6DD834F75F68}.Release|Any CPU.Build.0 = Release|Any CPU
		{13E8F2D7-9B64-40A3-A9B0-5631B50FE260}.Debug|Any CPU.ActiveCfg = Debug|Any CPU
		{13E8F2D7-9B64-40A3-A9B0-5631B50FE260}.Debug|Any CPU.Build.0 = Debug|Any CPU
		{13E8F2D7-9B64-40A3-A9B0-5631B50FE260}.Release|Any CPU.ActiveCfg = Release|Any CPU
		{13E8F2D7-9B64-40A3-A9B0-5631B50FE260}.Release|Any CPU.Build.0 = Release|Any CPU
		{84E6F881-1639-4337-9939-D298F5AA6A99}.Debug|Any CPU.ActiveCfg = Debug|Any CPU
		{84E6F881-1639-4337-9939-D298F5AA6A99}.Debug|Any CPU.Build.0 = Debug|Any CPU
		{84E6F881-1639-4337-9939-D298F5AA6A99}.Release|Any CPU.ActiveCfg = Release|Any CPU
		{84E6F881-1639-4337-9939-D298F5AA6A99}.Release|Any CPU.Build.0 = Release|Any CPU
		{B1F0E51D-5764-4F0B-93BC-789376827E06}.Debug|Any CPU.ActiveCfg = Debug|Any CPU
		{B1F0E51D-5764-4F0B-93BC-789376827E06}.Debug|Any CPU.Build.0 = Debug|Any CPU
		{B1F0E51D-5764-4F0B-93BC-789376827E06}.Release|Any CPU.ActiveCfg = Release|Any CPU
		{B1F0E51D-5764-4F0B-93BC-789376827E06}.Release|Any CPU.Build.0 = Release|Any CPU
		{E7DB792B-C121-4626-B1CE-94AB643F5F29}.Debug|Any CPU.ActiveCfg = Debug|Any CPU
		{E7DB792B-C121-4626-B1CE-94AB643F5F29}.Debug|Any CPU.Build.0 = Debug|Any CPU
		{E7DB792B-C121-4626-B1CE-94AB643F5F29}.Release|Any CPU.ActiveCfg = Release|Any CPU
		{E7DB792B-C121-4626-B1CE-94AB643F5F29}.Release|Any CPU.Build.0 = Release|Any CPU
		{B10CD0E8-1ADD-4B1B-9CFD-A57ED30EE619}.Debug|Any CPU.ActiveCfg = Debug|Any CPU
		{B10CD0E8-1ADD-4B1B-9CFD-A57ED30EE619}.Debug|Any CPU.Build.0 = Debug|Any CPU
		{B10CD0E8-1ADD-4B1B-9CFD-A57ED30EE619}.Release|Any CPU.ActiveCfg = Release|Any CPU
		{B10CD0E8-1ADD-4B1B-9CFD-A57ED30EE619}.Release|Any CPU.Build.0 = Release|Any CPU
		{85238F0F-5BB2-4434-B91A-18BE9ED7A28B}.Debug|Any CPU.ActiveCfg = Debug|Any CPU
		{85238F0F-5BB2-4434-B91A-18BE9ED7A28B}.Debug|Any CPU.Build.0 = Debug|Any CPU
		{85238F0F-5BB2-4434-B91A-18BE9ED7A28B}.Release|Any CPU.ActiveCfg = Release|Any CPU
		{85238F0F-5BB2-4434-B91A-18BE9ED7A28B}.Release|Any CPU.Build.0 = Release|Any CPU
		{74914F5B-0595-4E05-8587-BD5EBDCF6F14}.Debug|Any CPU.ActiveCfg = Debug|Any CPU
		{74914F5B-0595-4E05-8587-BD5EBDCF6F14}.Debug|Any CPU.Build.0 = Debug|Any CPU
		{74914F5B-0595-4E05-8587-BD5EBDCF6F14}.Release|Any CPU.ActiveCfg = Release|Any CPU
		{74914F5B-0595-4E05-8587-BD5EBDCF6F14}.Release|Any CPU.Build.0 = Release|Any CPU
		{DD71127A-5624-4963-BE1E-EF88F37F625C}.Debug|Any CPU.ActiveCfg = Debug|Any CPU
		{DD71127A-5624-4963-BE1E-EF88F37F625C}.Debug|Any CPU.Build.0 = Debug|Any CPU
		{DD71127A-5624-4963-BE1E-EF88F37F625C}.Release|Any CPU.ActiveCfg = Release|Any CPU
		{DD71127A-5624-4963-BE1E-EF88F37F625C}.Release|Any CPU.Build.0 = Release|Any CPU
		{A6BC4C96-0B69-421E-A4E4-31A745541CCF}.Debug|Any CPU.ActiveCfg = Debug|Any CPU
		{A6BC4C96-0B69-421E-A4E4-31A745541CCF}.Debug|Any CPU.Build.0 = Debug|Any CPU
		{A6BC4C96-0B69-421E-A4E4-31A745541CCF}.Release|Any CPU.ActiveCfg = Release|Any CPU
		{A6BC4C96-0B69-421E-A4E4-31A745541CCF}.Release|Any CPU.Build.0 = Release|Any CPU
		{4E4001D4-9EDA-42EB-9B4B-62CB51E64C43}.Debug|Any CPU.ActiveCfg = Debug|Any CPU
		{4E4001D4-9EDA-42EB-9B4B-62CB51E64C43}.Debug|Any CPU.Build.0 = Debug|Any CPU
		{4E4001D4-9EDA-42EB-9B4B-62CB51E64C43}.Release|Any CPU.ActiveCfg = Release|Any CPU
		{4E4001D4-9EDA-42EB-9B4B-62CB51E64C43}.Release|Any CPU.Build.0 = Release|Any CPU
		{6DCCA978-13E0-4A2E-882D-EA1B11A84786}.Debug|Any CPU.ActiveCfg = Debug|Any CPU
		{6DCCA978-13E0-4A2E-882D-EA1B11A84786}.Debug|Any CPU.Build.0 = Debug|Any CPU
		{6DCCA978-13E0-4A2E-882D-EA1B11A84786}.Release|Any CPU.ActiveCfg = Release|Any CPU
		{6DCCA978-13E0-4A2E-882D-EA1B11A84786}.Release|Any CPU.Build.0 = Release|Any CPU
		{E0D156A9-001F-4D15-9D76-EF46530C74FC}.Debug|Any CPU.ActiveCfg = Debug|Any CPU
		{E0D156A9-001F-4D15-9D76-EF46530C74FC}.Debug|Any CPU.Build.0 = Debug|Any CPU
		{E0D156A9-001F-4D15-9D76-EF46530C74FC}.Release|Any CPU.ActiveCfg = Release|Any CPU
		{E0D156A9-001F-4D15-9D76-EF46530C74FC}.Release|Any CPU.Build.0 = Release|Any CPU
		{AB280D4F-1FD1-4D20-9EC8-DC074F485011}.Debug|Any CPU.ActiveCfg = Debug|Any CPU
		{AB280D4F-1FD1-4D20-9EC8-DC074F485011}.Debug|Any CPU.Build.0 = Debug|Any CPU
		{AB280D4F-1FD1-4D20-9EC8-DC074F485011}.Release|Any CPU.ActiveCfg = Release|Any CPU
		{AB280D4F-1FD1-4D20-9EC8-DC074F485011}.Release|Any CPU.Build.0 = Release|Any CPU
		{E2904062-E3D9-44AB-A7B8-4BE5ECF6E99F}.Debug|Any CPU.ActiveCfg = Debug|Any CPU
		{E2904062-E3D9-44AB-A7B8-4BE5ECF6E99F}.Debug|Any CPU.Build.0 = Debug|Any CPU
		{E2904062-E3D9-44AB-A7B8-4BE5ECF6E99F}.Release|Any CPU.ActiveCfg = Release|Any CPU
		{E2904062-E3D9-44AB-A7B8-4BE5ECF6E99F}.Release|Any CPU.Build.0 = Release|Any CPU
		{21E17504-A60B-43CF-9DB4-320F69C4DC83}.Debug|Any CPU.ActiveCfg = Debug|Any CPU
		{21E17504-A60B-43CF-9DB4-320F69C4DC83}.Debug|Any CPU.Build.0 = Debug|Any CPU
		{21E17504-A60B-43CF-9DB4-320F69C4DC83}.Release|Any CPU.ActiveCfg = Release|Any CPU
		{21E17504-A60B-43CF-9DB4-320F69C4DC83}.Release|Any CPU.Build.0 = Release|Any CPU
		{59CEB481-FDCE-4A20-95E8-DF0611D5F946}.Debug|Any CPU.ActiveCfg = Debug|Any CPU
		{59CEB481-FDCE-4A20-95E8-DF0611D5F946}.Debug|Any CPU.Build.0 = Debug|Any CPU
		{59CEB481-FDCE-4A20-95E8-DF0611D5F946}.Release|Any CPU.ActiveCfg = Release|Any CPU
		{59CEB481-FDCE-4A20-95E8-DF0611D5F946}.Release|Any CPU.Build.0 = Release|Any CPU
		{96843CE8-7AB6-4BB2-B191-28AF40A5F396}.Debug|Any CPU.ActiveCfg = Debug|Any CPU
		{96843CE8-7AB6-4BB2-B191-28AF40A5F396}.Debug|Any CPU.Build.0 = Debug|Any CPU
		{96843CE8-7AB6-4BB2-B191-28AF40A5F396}.Release|Any CPU.ActiveCfg = Release|Any CPU
		{96843CE8-7AB6-4BB2-B191-28AF40A5F396}.Release|Any CPU.Build.0 = Release|Any CPU
		{4EA87440-7F34-403B-8C84-2AE3C784EC64}.Debug|Any CPU.ActiveCfg = Debug|Any CPU
		{4EA87440-7F34-403B-8C84-2AE3C784EC64}.Debug|Any CPU.Build.0 = Debug|Any CPU
		{4EA87440-7F34-403B-8C84-2AE3C784EC64}.Release|Any CPU.ActiveCfg = Release|Any CPU
		{4EA87440-7F34-403B-8C84-2AE3C784EC64}.Release|Any CPU.Build.0 = Release|Any CPU
		{7A650E43-7C6F-47E6-B177-36B2E52EBB22}.Debug|Any CPU.ActiveCfg = Debug|Any CPU
		{7A650E43-7C6F-47E6-B177-36B2E52EBB22}.Debug|Any CPU.Build.0 = Debug|Any CPU
		{7A650E43-7C6F-47E6-B177-36B2E52EBB22}.Release|Any CPU.ActiveCfg = Release|Any CPU
		{7A650E43-7C6F-47E6-B177-36B2E52EBB22}.Release|Any CPU.Build.0 = Release|Any CPU
		{D76A9421-36BA-4F4E-A2CF-0E67B561D26A}.Debug|Any CPU.ActiveCfg = Debug|Any CPU
		{D76A9421-36BA-4F4E-A2CF-0E67B561D26A}.Debug|Any CPU.Build.0 = Debug|Any CPU
		{D76A9421-36BA-4F4E-A2CF-0E67B561D26A}.Release|Any CPU.ActiveCfg = Release|Any CPU
		{D76A9421-36BA-4F4E-A2CF-0E67B561D26A}.Release|Any CPU.Build.0 = Release|Any CPU
		{0A153FE0-7282-46E9-87C6-045A0600D760}.Debug|Any CPU.ActiveCfg = Debug|Any CPU
		{0A153FE0-7282-46E9-87C6-045A0600D760}.Debug|Any CPU.Build.0 = Debug|Any CPU
		{0A153FE0-7282-46E9-87C6-045A0600D760}.Release|Any CPU.ActiveCfg = Release|Any CPU
		{0A153FE0-7282-46E9-87C6-045A0600D760}.Release|Any CPU.Build.0 = Release|Any CPU
		{95E94F06-41C8-476E-8494-6D4E630619D9}.Debug|Any CPU.ActiveCfg = Debug|Any CPU
		{95E94F06-41C8-476E-8494-6D4E630619D9}.Debug|Any CPU.Build.0 = Debug|Any CPU
		{95E94F06-41C8-476E-8494-6D4E630619D9}.Release|Any CPU.ActiveCfg = Release|Any CPU
		{95E94F06-41C8-476E-8494-6D4E630619D9}.Release|Any CPU.Build.0 = Release|Any CPU
		{27248367-6B0D-49F7-9E6A-DEBF172561C1}.Debug|Any CPU.ActiveCfg = Debug|Any CPU
		{27248367-6B0D-49F7-9E6A-DEBF172561C1}.Debug|Any CPU.Build.0 = Debug|Any CPU
		{27248367-6B0D-49F7-9E6A-DEBF172561C1}.Release|Any CPU.ActiveCfg = Release|Any CPU
		{27248367-6B0D-49F7-9E6A-DEBF172561C1}.Release|Any CPU.Build.0 = Release|Any CPU
		{B90D3AA8-171D-445E-B24F-090D53A1C22A}.Debug|Any CPU.ActiveCfg = Debug|Any CPU
		{B90D3AA8-171D-445E-B24F-090D53A1C22A}.Debug|Any CPU.Build.0 = Debug|Any CPU
		{B90D3AA8-171D-445E-B24F-090D53A1C22A}.Release|Any CPU.ActiveCfg = Release|Any CPU
		{B90D3AA8-171D-445E-B24F-090D53A1C22A}.Release|Any CPU.Build.0 = Release|Any CPU
		{F09762C0-87F0-4FB2-9745-325B00A92214}.Debug|Any CPU.ActiveCfg = Debug|Any CPU
		{F09762C0-87F0-4FB2-9745-325B00A92214}.Debug|Any CPU.Build.0 = Debug|Any CPU
		{F09762C0-87F0-4FB2-9745-325B00A92214}.Release|Any CPU.ActiveCfg = Release|Any CPU
		{F09762C0-87F0-4FB2-9745-325B00A92214}.Release|Any CPU.Build.0 = Release|Any CPU
		{A724B838-56E6-47B1-BF7F-B029CE46C61D}.Debug|Any CPU.ActiveCfg = Debug|Any CPU
		{A724B838-56E6-47B1-BF7F-B029CE46C61D}.Debug|Any CPU.Build.0 = Debug|Any CPU
		{A724B838-56E6-47B1-BF7F-B029CE46C61D}.Release|Any CPU.ActiveCfg = Release|Any CPU
		{A724B838-56E6-47B1-BF7F-B029CE46C61D}.Release|Any CPU.Build.0 = Release|Any CPU
		{925E1550-C031-411C-B2AB-46FA2FE0AACF}.Debug|Any CPU.ActiveCfg = Debug|Any CPU
		{925E1550-C031-411C-B2AB-46FA2FE0AACF}.Debug|Any CPU.Build.0 = Debug|Any CPU
		{925E1550-C031-411C-B2AB-46FA2FE0AACF}.Release|Any CPU.ActiveCfg = Release|Any CPU
		{925E1550-C031-411C-B2AB-46FA2FE0AACF}.Release|Any CPU.Build.0 = Release|Any CPU
		{C39388BD-33FA-41B8-834E-5531156C2225}.Debug|Any CPU.ActiveCfg = Debug|Any CPU
		{C39388BD-33FA-41B8-834E-5531156C2225}.Debug|Any CPU.Build.0 = Debug|Any CPU
		{C39388BD-33FA-41B8-834E-5531156C2225}.Release|Any CPU.ActiveCfg = Release|Any CPU
		{C39388BD-33FA-41B8-834E-5531156C2225}.Release|Any CPU.Build.0 = Release|Any CPU
		{CD47BF37-88B9-4792-AEC5-DB48FA471E7F}.Debug|Any CPU.ActiveCfg = Debug|Any CPU
		{CD47BF37-88B9-4792-AEC5-DB48FA471E7F}.Debug|Any CPU.Build.0 = Debug|Any CPU
		{CD47BF37-88B9-4792-AEC5-DB48FA471E7F}.Release|Any CPU.ActiveCfg = Release|Any CPU
		{CD47BF37-88B9-4792-AEC5-DB48FA471E7F}.Release|Any CPU.Build.0 = Release|Any CPU
		{3CA41B5A-FC31-41EC-BA18-CE077F564827}.Debug|Any CPU.ActiveCfg = Debug|Any CPU
		{3CA41B5A-FC31-41EC-BA18-CE077F564827}.Debug|Any CPU.Build.0 = Debug|Any CPU
		{3CA41B5A-FC31-41EC-BA18-CE077F564827}.Release|Any CPU.ActiveCfg = Release|Any CPU
		{3CA41B5A-FC31-41EC-BA18-CE077F564827}.Release|Any CPU.Build.0 = Release|Any CPU
		{774CBC94-939B-4174-9786-46403F2C62F7}.Debug|Any CPU.ActiveCfg = Debug|Any CPU
		{774CBC94-939B-4174-9786-46403F2C62F7}.Debug|Any CPU.Build.0 = Debug|Any CPU
		{774CBC94-939B-4174-9786-46403F2C62F7}.Release|Any CPU.ActiveCfg = Release|Any CPU
		{774CBC94-939B-4174-9786-46403F2C62F7}.Release|Any CPU.Build.0 = Release|Any CPU
		{C3E43CFF-A0AE-45EC-A184-EC1A009B4AD9}.Debug|Any CPU.ActiveCfg = Debug|Any CPU
		{C3E43CFF-A0AE-45EC-A184-EC1A009B4AD9}.Debug|Any CPU.Build.0 = Debug|Any CPU
		{C3E43CFF-A0AE-45EC-A184-EC1A009B4AD9}.Release|Any CPU.ActiveCfg = Release|Any CPU
		{C3E43CFF-A0AE-45EC-A184-EC1A009B4AD9}.Release|Any CPU.Build.0 = Release|Any CPU
		{48765B4C-5B82-409F-8A90-D22E31D0F2E0}.Debug|Any CPU.ActiveCfg = Debug|Any CPU
		{48765B4C-5B82-409F-8A90-D22E31D0F2E0}.Debug|Any CPU.Build.0 = Debug|Any CPU
		{48765B4C-5B82-409F-8A90-D22E31D0F2E0}.Release|Any CPU.ActiveCfg = Release|Any CPU
		{48765B4C-5B82-409F-8A90-D22E31D0F2E0}.Release|Any CPU.Build.0 = Release|Any CPU
		{E3BC0FA1-3523-40A4-AE1D-F282F20F34B5}.Debug|Any CPU.ActiveCfg = Debug|Any CPU
		{E3BC0FA1-3523-40A4-AE1D-F282F20F34B5}.Debug|Any CPU.Build.0 = Debug|Any CPU
		{E3BC0FA1-3523-40A4-AE1D-F282F20F34B5}.Release|Any CPU.ActiveCfg = Release|Any CPU
		{E3BC0FA1-3523-40A4-AE1D-F282F20F34B5}.Release|Any CPU.Build.0 = Release|Any CPU
		{BAE46C85-C3F0-4E1A-9503-F7CD95D93FC8}.Debug|Any CPU.ActiveCfg = Debug|Any CPU
		{BAE46C85-C3F0-4E1A-9503-F7CD95D93FC8}.Debug|Any CPU.Build.0 = Debug|Any CPU
		{BAE46C85-C3F0-4E1A-9503-F7CD95D93FC8}.Release|Any CPU.ActiveCfg = Release|Any CPU
		{BAE46C85-C3F0-4E1A-9503-F7CD95D93FC8}.Release|Any CPU.Build.0 = Release|Any CPU
		{94E0DAD8-1BA6-4EC5-B325-DE967AAEE3F4}.Debug|Any CPU.ActiveCfg = Debug|Any CPU
		{94E0DAD8-1BA6-4EC5-B325-DE967AAEE3F4}.Debug|Any CPU.Build.0 = Debug|Any CPU
		{94E0DAD8-1BA6-4EC5-B325-DE967AAEE3F4}.Release|Any CPU.ActiveCfg = Release|Any CPU
		{94E0DAD8-1BA6-4EC5-B325-DE967AAEE3F4}.Release|Any CPU.Build.0 = Release|Any CPU
		{3A209858-C5DE-4EB6-A32B-6A0645192EEE}.Debug|Any CPU.ActiveCfg = Debug|Any CPU
		{3A209858-C5DE-4EB6-A32B-6A0645192EEE}.Debug|Any CPU.Build.0 = Debug|Any CPU
		{3A209858-C5DE-4EB6-A32B-6A0645192EEE}.Release|Any CPU.ActiveCfg = Release|Any CPU
		{3A209858-C5DE-4EB6-A32B-6A0645192EEE}.Release|Any CPU.Build.0 = Release|Any CPU
		{B880DFE8-C01F-43BA-9F11-636AA1A723F2}.Debug|Any CPU.ActiveCfg = Debug|Any CPU
		{B880DFE8-C01F-43BA-9F11-636AA1A723F2}.Debug|Any CPU.Build.0 = Debug|Any CPU
		{B880DFE8-C01F-43BA-9F11-636AA1A723F2}.Release|Any CPU.ActiveCfg = Release|Any CPU
		{B880DFE8-C01F-43BA-9F11-636AA1A723F2}.Release|Any CPU.Build.0 = Release|Any CPU
		{1712DA32-9213-4459-B0DB-3C17C8A980E6}.Debug|Any CPU.ActiveCfg = Debug|Any CPU
		{1712DA32-9213-4459-B0DB-3C17C8A980E6}.Debug|Any CPU.Build.0 = Debug|Any CPU
		{1712DA32-9213-4459-B0DB-3C17C8A980E6}.Release|Any CPU.ActiveCfg = Release|Any CPU
		{1712DA32-9213-4459-B0DB-3C17C8A980E6}.Release|Any CPU.Build.0 = Release|Any CPU
		{75430B6E-A7D4-4049-A125-387DBBA10CFD}.Debug|Any CPU.ActiveCfg = Debug|Any CPU
		{75430B6E-A7D4-4049-A125-387DBBA10CFD}.Debug|Any CPU.Build.0 = Debug|Any CPU
		{75430B6E-A7D4-4049-A125-387DBBA10CFD}.Release|Any CPU.ActiveCfg = Release|Any CPU
		{75430B6E-A7D4-4049-A125-387DBBA10CFD}.Release|Any CPU.Build.0 = Release|Any CPU
		{B210DFF0-04AE-4EFE-9375-F33C6D56366D}.Debug|Any CPU.ActiveCfg = Debug|Any CPU
		{B210DFF0-04AE-4EFE-9375-F33C6D56366D}.Debug|Any CPU.Build.0 = Debug|Any CPU
		{B210DFF0-04AE-4EFE-9375-F33C6D56366D}.Release|Any CPU.ActiveCfg = Release|Any CPU
		{B210DFF0-04AE-4EFE-9375-F33C6D56366D}.Release|Any CPU.Build.0 = Release|Any CPU
		{7A1E60EC-0E43-422B-B85F-3F135C6E1AE2}.Debug|Any CPU.ActiveCfg = Debug|Any CPU
		{7A1E60EC-0E43-422B-B85F-3F135C6E1AE2}.Debug|Any CPU.Build.0 = Debug|Any CPU
		{7A1E60EC-0E43-422B-B85F-3F135C6E1AE2}.Release|Any CPU.ActiveCfg = Release|Any CPU
		{7A1E60EC-0E43-422B-B85F-3F135C6E1AE2}.Release|Any CPU.Build.0 = Release|Any CPU
		{D2D88A1D-247F-4A6C-A060-E11AD7F75085}.Debug|Any CPU.ActiveCfg = Debug|Any CPU
		{D2D88A1D-247F-4A6C-A060-E11AD7F75085}.Debug|Any CPU.Build.0 = Debug|Any CPU
		{D2D88A1D-247F-4A6C-A060-E11AD7F75085}.Release|Any CPU.ActiveCfg = Release|Any CPU
		{D2D88A1D-247F-4A6C-A060-E11AD7F75085}.Release|Any CPU.Build.0 = Release|Any CPU
		{F4C45F05-5AEC-4193-B55A-AD4DCC690CE7}.Debug|Any CPU.ActiveCfg = Debug|Any CPU
		{F4C45F05-5AEC-4193-B55A-AD4DCC690CE7}.Debug|Any CPU.Build.0 = Debug|Any CPU
		{F4C45F05-5AEC-4193-B55A-AD4DCC690CE7}.Release|Any CPU.ActiveCfg = Release|Any CPU
		{F4C45F05-5AEC-4193-B55A-AD4DCC690CE7}.Release|Any CPU.Build.0 = Release|Any CPU
		{50090D60-8733-4C1F-BD87-30B95B4C8E23}.Debug|Any CPU.ActiveCfg = Debug|Any CPU
		{50090D60-8733-4C1F-BD87-30B95B4C8E23}.Debug|Any CPU.Build.0 = Debug|Any CPU
		{50090D60-8733-4C1F-BD87-30B95B4C8E23}.Release|Any CPU.ActiveCfg = Release|Any CPU
		{50090D60-8733-4C1F-BD87-30B95B4C8E23}.Release|Any CPU.Build.0 = Release|Any CPU
		{7E0B23D5-9237-498A-BC4E-A3FE344D63CC}.Debug|Any CPU.ActiveCfg = Debug|Any CPU
		{7E0B23D5-9237-498A-BC4E-A3FE344D63CC}.Debug|Any CPU.Build.0 = Debug|Any CPU
		{7E0B23D5-9237-498A-BC4E-A3FE344D63CC}.Release|Any CPU.ActiveCfg = Release|Any CPU
		{7E0B23D5-9237-498A-BC4E-A3FE344D63CC}.Release|Any CPU.Build.0 = Release|Any CPU
		{8F4B597F-F6D1-449E-AD60-73BAF8A2A141}.Debug|Any CPU.ActiveCfg = Debug|Any CPU
		{8F4B597F-F6D1-449E-AD60-73BAF8A2A141}.Debug|Any CPU.Build.0 = Debug|Any CPU
		{8F4B597F-F6D1-449E-AD60-73BAF8A2A141}.Release|Any CPU.ActiveCfg = Release|Any CPU
		{8F4B597F-F6D1-449E-AD60-73BAF8A2A141}.Release|Any CPU.Build.0 = Release|Any CPU
	EndGlobalSection
	GlobalSection(SolutionProperties) = preSolution
		HideSolutionNode = FALSE
	EndGlobalSection
	GlobalSection(ExtensibilityGlobals) = postSolution
		SolutionGuid = {30AEBE14-617A-45B8-9D8D-60E816B629A7}
	EndGlobalSection
EndGlobal
